// !$*UTF8*$!
{
	archiveVersion = 1;
	classes = {
	};
	objectVersion = 56;
	objects = {

/* Begin PBXBuildFile section */
		9375E450290A07C900562D8B /* ValidationViewController.swift in Sources */ = {isa = PBXBuildFile; fileRef = 9375E44F290A07C800562D8B /* ValidationViewController.swift */; };
		9375E452290A22A300562D8B /* ValidationViewModel.swift in Sources */ = {isa = PBXBuildFile; fileRef = 9375E451290A22A300562D8B /* ValidationViewModel.swift */; };
		9375E45C290F76A500562D8B /* RxAlamofire in Frameworks */ = {isa = PBXBuildFile; productRef = 9375E45B290F76A500562D8B /* RxAlamofire */; };
		9375E45F290F775600562D8B /* Differentiator in Frameworks */ = {isa = PBXBuildFile; productRef = 9375E45E290F775600562D8B /* Differentiator */; };
		9375E461290F775600562D8B /* RxDataSources in Frameworks */ = {isa = PBXBuildFile; productRef = 9375E460290F775600562D8B /* RxDataSources */; };
		9375E464290F77A400562D8B /* Kingfisher in Frameworks */ = {isa = PBXBuildFile; productRef = 9375E463290F77A400562D8B /* Kingfisher */; };
		9375E466290F7A3900562D8B /* SearchPhoto.swift in Sources */ = {isa = PBXBuildFile; fileRef = 9375E465290F7A3900562D8B /* SearchPhoto.swift */; };
		93B96AE9290623480057742A /* AppDelegate.swift in Sources */ = {isa = PBXBuildFile; fileRef = 93B96AE8290623480057742A /* AppDelegate.swift */; };
		93B96AEB290623480057742A /* SceneDelegate.swift in Sources */ = {isa = PBXBuildFile; fileRef = 93B96AEA290623480057742A /* SceneDelegate.swift */; };
		93B96AED290623480057742A /* RxCocoaExampleViewController.swift in Sources */ = {isa = PBXBuildFile; fileRef = 93B96AEC290623480057742A /* RxCocoaExampleViewController.swift */; };
		93B96AF0290623480057742A /* Main.storyboard in Resources */ = {isa = PBXBuildFile; fileRef = 93B96AEE290623480057742A /* Main.storyboard */; };
		93B96AF2290623490057742A /* Assets.xcassets in Resources */ = {isa = PBXBuildFile; fileRef = 93B96AF1290623490057742A /* Assets.xcassets */; };
		93B96AF5290623490057742A /* LaunchScreen.storyboard in Resources */ = {isa = PBXBuildFile; fileRef = 93B96AF3290623490057742A /* LaunchScreen.storyboard */; };
		93B96AFE2906235C0057742A /* RxCocoa in Frameworks */ = {isa = PBXBuildFile; productRef = 93B96AFD2906235C0057742A /* RxCocoa */; };
		93B96B002906235C0057742A /* RxSwift in Frameworks */ = {isa = PBXBuildFile; productRef = 93B96AFF2906235C0057742A /* RxSwift */; };
		93B96B0229077A7D0057742A /* SubjectViewController.swift in Sources */ = {isa = PBXBuildFile; fileRef = 93B96B0129077A7C0057742A /* SubjectViewController.swift */; };
		93FBADF3290788C0000C50F2 /* SubjectViewModel.swift in Sources */ = {isa = PBXBuildFile; fileRef = 93FBADF2290788C0000C50F2 /* SubjectViewModel.swift */; };
/* End PBXBuildFile section */

/* Begin PBXFileReference section */
		9375E44F290A07C800562D8B /* ValidationViewController.swift */ = {isa = PBXFileReference; lastKnownFileType = sourcecode.swift; path = ValidationViewController.swift; sourceTree = "<group>"; };
		9375E451290A22A300562D8B /* ValidationViewModel.swift */ = {isa = PBXFileReference; lastKnownFileType = sourcecode.swift; path = ValidationViewModel.swift; sourceTree = "<group>"; };
		9375E465290F7A3900562D8B /* SearchPhoto.swift */ = {isa = PBXFileReference; lastKnownFileType = sourcecode.swift; path = SearchPhoto.swift; sourceTree = "<group>"; };
		93B96AE5290623480057742A /* RXStart.app */ = {isa = PBXFileReference; explicitFileType = wrapper.application; includeInIndex = 0; path = RXStart.app; sourceTree = BUILT_PRODUCTS_DIR; };
		93B96AE8290623480057742A /* AppDelegate.swift */ = {isa = PBXFileReference; lastKnownFileType = sourcecode.swift; path = AppDelegate.swift; sourceTree = "<group>"; };
		93B96AEA290623480057742A /* SceneDelegate.swift */ = {isa = PBXFileReference; lastKnownFileType = sourcecode.swift; path = SceneDelegate.swift; sourceTree = "<group>"; };
		93B96AEC290623480057742A /* RxCocoaExampleViewController.swift */ = {isa = PBXFileReference; lastKnownFileType = sourcecode.swift; path = RxCocoaExampleViewController.swift; sourceTree = "<group>"; };
		93B96AEF290623480057742A /* Base */ = {isa = PBXFileReference; lastKnownFileType = file.storyboard; name = Base; path = Base.lproj/Main.storyboard; sourceTree = "<group>"; };
		93B96AF1290623490057742A /* Assets.xcassets */ = {isa = PBXFileReference; lastKnownFileType = folder.assetcatalog; path = Assets.xcassets; sourceTree = "<group>"; };
		93B96AF4290623490057742A /* Base */ = {isa = PBXFileReference; lastKnownFileType = file.storyboard; name = Base; path = Base.lproj/LaunchScreen.storyboard; sourceTree = "<group>"; };
		93B96AF6290623490057742A /* Info.plist */ = {isa = PBXFileReference; lastKnownFileType = text.plist.xml; path = Info.plist; sourceTree = "<group>"; };
		93B96B0129077A7C0057742A /* SubjectViewController.swift */ = {isa = PBXFileReference; lastKnownFileType = sourcecode.swift; path = SubjectViewController.swift; sourceTree = "<group>"; };
		93FBADF2290788C0000C50F2 /* SubjectViewModel.swift */ = {isa = PBXFileReference; lastKnownFileType = sourcecode.swift; path = SubjectViewModel.swift; sourceTree = "<group>"; };
/* End PBXFileReference section */

/* Begin PBXFrameworksBuildPhase section */
		93B96AE2290623480057742A /* Frameworks */ = {
			isa = PBXFrameworksBuildPhase;
			buildActionMask = 2147483647;
			files = (
				9375E464290F77A400562D8B /* Kingfisher in Frameworks */,
				9375E45F290F775600562D8B /* Differentiator in Frameworks */,
				9375E45C290F76A500562D8B /* RxAlamofire in Frameworks */,
				93B96B002906235C0057742A /* RxSwift in Frameworks */,
				9375E461290F775600562D8B /* RxDataSources in Frameworks */,
				93B96AFE2906235C0057742A /* RxCocoa in Frameworks */,
			);
			runOnlyForDeploymentPostprocessing = 0;
		};
/* End PBXFrameworksBuildPhase section */

/* Begin PBXGroup section */
		93B96ADC290623480057742A = {
			isa = PBXGroup;
			children = (
				93B96AE7290623480057742A /* RXStart */,
				93B96AE6290623480057742A /* Products */,
			);
			sourceTree = "<group>";
		};
		93B96AE6290623480057742A /* Products */ = {
			isa = PBXGroup;
			children = (
				93B96AE5290623480057742A /* RXStart.app */,
			);
			name = Products;
			sourceTree = "<group>";
		};
		93B96AE7290623480057742A /* RXStart */ = {
			isa = PBXGroup;
			children = (
				93B96AE8290623480057742A /* AppDelegate.swift */,
				93B96AEA290623480057742A /* SceneDelegate.swift */,
				93B96AEC290623480057742A /* RxCocoaExampleViewController.swift */,
				93B96B0129077A7C0057742A /* SubjectViewController.swift */,
				93FBADF2290788C0000C50F2 /* SubjectViewModel.swift */,
				9375E465290F7A3900562D8B /* SearchPhoto.swift */,
				9375E44F290A07C800562D8B /* ValidationViewController.swift */,
				9375E451290A22A300562D8B /* ValidationViewModel.swift */,
				93B96AEE290623480057742A /* Main.storyboard */,
				93B96AF1290623490057742A /* Assets.xcassets */,
				93B96AF3290623490057742A /* LaunchScreen.storyboard */,
				93B96AF6290623490057742A /* Info.plist */,
			);
			path = RXStart;
			sourceTree = "<group>";
		};
/* End PBXGroup section */

/* Begin PBXNativeTarget section */
		93B96AE4290623480057742A /* RXStart */ = {
			isa = PBXNativeTarget;
			buildConfigurationList = 93B96AF9290623490057742A /* Build configuration list for PBXNativeTarget "RXStart" */;
			buildPhases = (
				93B96AE1290623480057742A /* Sources */,
				93B96AE2290623480057742A /* Frameworks */,
				93B96AE3290623480057742A /* Resources */,
			);
			buildRules = (
			);
			dependencies = (
			);
			name = RXStart;
			packageProductDependencies = (
				93B96AFD2906235C0057742A /* RxCocoa */,
				93B96AFF2906235C0057742A /* RxSwift */,
				9375E45B290F76A500562D8B /* RxAlamofire */,
				9375E45E290F775600562D8B /* Differentiator */,
				9375E460290F775600562D8B /* RxDataSources */,
				9375E463290F77A400562D8B /* Kingfisher */,
			);
			productName = RXStart;
			productReference = 93B96AE5290623480057742A /* RXStart.app */;
			productType = "com.apple.product-type.application";
		};
/* End PBXNativeTarget section */

/* Begin PBXProject section */
		93B96ADD290623480057742A /* Project object */ = {
			isa = PBXProject;
			attributes = {
				BuildIndependentTargetsInParallel = 1;
				LastSwiftUpdateCheck = 1400;
				LastUpgradeCheck = 1400;
				TargetAttributes = {
					93B96AE4290623480057742A = {
						CreatedOnToolsVersion = 14.0.1;
					};
				};
			};
			buildConfigurationList = 93B96AE0290623480057742A /* Build configuration list for PBXProject "RXStart" */;
			compatibilityVersion = "Xcode 14.0";
			developmentRegion = en;
			hasScannedForEncodings = 0;
			knownRegions = (
				en,
				Base,
			);
			mainGroup = 93B96ADC290623480057742A;
			packageReferences = (
				93B96AFC2906235C0057742A /* XCRemoteSwiftPackageReference "RxSwift" */,
				9375E45A290F76A500562D8B /* XCRemoteSwiftPackageReference "RxAlamofire" */,
				9375E45D290F775600562D8B /* XCRemoteSwiftPackageReference "RxDataSources" */,
				9375E462290F77A400562D8B /* XCRemoteSwiftPackageReference "Kingfisher" */,
			);
			productRefGroup = 93B96AE6290623480057742A /* Products */;
			projectDirPath = "";
			projectRoot = "";
			targets = (
				93B96AE4290623480057742A /* RXStart */,
			);
		};
/* End PBXProject section */

/* Begin PBXResourcesBuildPhase section */
		93B96AE3290623480057742A /* Resources */ = {
			isa = PBXResourcesBuildPhase;
			buildActionMask = 2147483647;
			files = (
				93B96AF5290623490057742A /* LaunchScreen.storyboard in Resources */,
				93B96AF2290623490057742A /* Assets.xcassets in Resources */,
				93B96AF0290623480057742A /* Main.storyboard in Resources */,
			);
			runOnlyForDeploymentPostprocessing = 0;
		};
/* End PBXResourcesBuildPhase section */

/* Begin PBXSourcesBuildPhase section */
		93B96AE1290623480057742A /* Sources */ = {
			isa = PBXSourcesBuildPhase;
			buildActionMask = 2147483647;
			files = (
				93FBADF3290788C0000C50F2 /* SubjectViewModel.swift in Sources */,
				9375E452290A22A300562D8B /* ValidationViewModel.swift in Sources */,
				9375E450290A07C900562D8B /* ValidationViewController.swift in Sources */,
				93B96AED290623480057742A /* RxCocoaExampleViewController.swift in Sources */,
				9375E466290F7A3900562D8B /* SearchPhoto.swift in Sources */,
				93B96B0229077A7D0057742A /* SubjectViewController.swift in Sources */,
				93B96AE9290623480057742A /* AppDelegate.swift in Sources */,
				93B96AEB290623480057742A /* SceneDelegate.swift in Sources */,
			);
			runOnlyForDeploymentPostprocessing = 0;
		};
/* End PBXSourcesBuildPhase section */

/* Begin PBXVariantGroup section */
		93B96AEE290623480057742A /* Main.storyboard */ = {
			isa = PBXVariantGroup;
			children = (
				93B96AEF290623480057742A /* Base */,
			);
			name = Main.storyboard;
			sourceTree = "<group>";
		};
		93B96AF3290623490057742A /* LaunchScreen.storyboard */ = {
			isa = PBXVariantGroup;
			children = (
				93B96AF4290623490057742A /* Base */,
			);
			name = LaunchScreen.storyboard;
			sourceTree = "<group>";
		};
/* End PBXVariantGroup section */

/* Begin XCBuildConfiguration section */
		93B96AF7290623490057742A /* Debug */ = {
			isa = XCBuildConfiguration;
			buildSettings = {
				ALWAYS_SEARCH_USER_PATHS = NO;
				CLANG_ANALYZER_NONNULL = YES;
				CLANG_ANALYZER_NUMBER_OBJECT_CONVERSION = YES_AGGRESSIVE;
				CLANG_CXX_LANGUAGE_STANDARD = "gnu++20";
				CLANG_ENABLE_MODULES = YES;
				CLANG_ENABLE_OBJC_ARC = YES;
				CLANG_ENABLE_OBJC_WEAK = YES;
				CLANG_WARN_BLOCK_CAPTURE_AUTORELEASING = YES;
				CLANG_WARN_BOOL_CONVERSION = YES;
				CLANG_WARN_COMMA = YES;
				CLANG_WARN_CONSTANT_CONVERSION = YES;
				CLANG_WARN_DEPRECATED_OBJC_IMPLEMENTATIONS = YES;
				CLANG_WARN_DIRECT_OBJC_ISA_USAGE = YES_ERROR;
				CLANG_WARN_DOCUMENTATION_COMMENTS = YES;
				CLANG_WARN_EMPTY_BODY = YES;
				CLANG_WARN_ENUM_CONVERSION = YES;
				CLANG_WARN_INFINITE_RECURSION = YES;
				CLANG_WARN_INT_CONVERSION = YES;
				CLANG_WARN_NON_LITERAL_NULL_CONVERSION = YES;
				CLANG_WARN_OBJC_IMPLICIT_RETAIN_SELF = YES;
				CLANG_WARN_OBJC_LITERAL_CONVERSION = YES;
				CLANG_WARN_OBJC_ROOT_CLASS = YES_ERROR;
				CLANG_WARN_QUOTED_INCLUDE_IN_FRAMEWORK_HEADER = YES;
				CLANG_WARN_RANGE_LOOP_ANALYSIS = YES;
				CLANG_WARN_STRICT_PROTOTYPES = YES;
				CLANG_WARN_SUSPICIOUS_MOVE = YES;
				CLANG_WARN_UNGUARDED_AVAILABILITY = YES_AGGRESSIVE;
				CLANG_WARN_UNREACHABLE_CODE = YES;
				CLANG_WARN__DUPLICATE_METHOD_MATCH = YES;
				COPY_PHASE_STRIP = NO;
				DEBUG_INFORMATION_FORMAT = dwarf;
				ENABLE_STRICT_OBJC_MSGSEND = YES;
				ENABLE_TESTABILITY = YES;
				GCC_C_LANGUAGE_STANDARD = gnu11;
				GCC_DYNAMIC_NO_PIC = NO;
				GCC_NO_COMMON_BLOCKS = YES;
				GCC_OPTIMIZATION_LEVEL = 0;
				GCC_PREPROCESSOR_DEFINITIONS = (
					"DEBUG=1",
					"$(inherited)",
				);
				GCC_WARN_64_TO_32_BIT_CONVERSION = YES;
				GCC_WARN_ABOUT_RETURN_TYPE = YES_ERROR;
				GCC_WARN_UNDECLARED_SELECTOR = YES;
				GCC_WARN_UNINITIALIZED_AUTOS = YES_AGGRESSIVE;
				GCC_WARN_UNUSED_FUNCTION = YES;
				GCC_WARN_UNUSED_VARIABLE = YES;
				IPHONEOS_DEPLOYMENT_TARGET = 16.0;
				MTL_ENABLE_DEBUG_INFO = INCLUDE_SOURCE;
				MTL_FAST_MATH = YES;
				ONLY_ACTIVE_ARCH = YES;
				SDKROOT = iphoneos;
				SWIFT_ACTIVE_COMPILATION_CONDITIONS = DEBUG;
				SWIFT_OPTIMIZATION_LEVEL = "-Onone";
			};
			name = Debug;
		};
		93B96AF8290623490057742A /* Release */ = {
			isa = XCBuildConfiguration;
			buildSettings = {
				ALWAYS_SEARCH_USER_PATHS = NO;
				CLANG_ANALYZER_NONNULL = YES;
				CLANG_ANALYZER_NUMBER_OBJECT_CONVERSION = YES_AGGRESSIVE;
				CLANG_CXX_LANGUAGE_STANDARD = "gnu++20";
				CLANG_ENABLE_MODULES = YES;
				CLANG_ENABLE_OBJC_ARC = YES;
				CLANG_ENABLE_OBJC_WEAK = YES;
				CLANG_WARN_BLOCK_CAPTURE_AUTORELEASING = YES;
				CLANG_WARN_BOOL_CONVERSION = YES;
				CLANG_WARN_COMMA = YES;
				CLANG_WARN_CONSTANT_CONVERSION = YES;
				CLANG_WARN_DEPRECATED_OBJC_IMPLEMENTATIONS = YES;
				CLANG_WARN_DIRECT_OBJC_ISA_USAGE = YES_ERROR;
				CLANG_WARN_DOCUMENTATION_COMMENTS = YES;
				CLANG_WARN_EMPTY_BODY = YES;
				CLANG_WARN_ENUM_CONVERSION = YES;
				CLANG_WARN_INFINITE_RECURSION = YES;
				CLANG_WARN_INT_CONVERSION = YES;
				CLANG_WARN_NON_LITERAL_NULL_CONVERSION = YES;
				CLANG_WARN_OBJC_IMPLICIT_RETAIN_SELF = YES;
				CLANG_WARN_OBJC_LITERAL_CONVERSION = YES;
				CLANG_WARN_OBJC_ROOT_CLASS = YES_ERROR;
				CLANG_WARN_QUOTED_INCLUDE_IN_FRAMEWORK_HEADER = YES;
				CLANG_WARN_RANGE_LOOP_ANALYSIS = YES;
				CLANG_WARN_STRICT_PROTOTYPES = YES;
				CLANG_WARN_SUSPICIOUS_MOVE = YES;
				CLANG_WARN_UNGUARDED_AVAILABILITY = YES_AGGRESSIVE;
				CLANG_WARN_UNREACHABLE_CODE = YES;
				CLANG_WARN__DUPLICATE_METHOD_MATCH = YES;
				COPY_PHASE_STRIP = NO;
				DEBUG_INFORMATION_FORMAT = "dwarf-with-dsym";
				ENABLE_NS_ASSERTIONS = NO;
				ENABLE_STRICT_OBJC_MSGSEND = YES;
				GCC_C_LANGUAGE_STANDARD = gnu11;
				GCC_NO_COMMON_BLOCKS = YES;
				GCC_WARN_64_TO_32_BIT_CONVERSION = YES;
				GCC_WARN_ABOUT_RETURN_TYPE = YES_ERROR;
				GCC_WARN_UNDECLARED_SELECTOR = YES;
				GCC_WARN_UNINITIALIZED_AUTOS = YES_AGGRESSIVE;
				GCC_WARN_UNUSED_FUNCTION = YES;
				GCC_WARN_UNUSED_VARIABLE = YES;
				IPHONEOS_DEPLOYMENT_TARGET = 16.0;
				MTL_ENABLE_DEBUG_INFO = NO;
				MTL_FAST_MATH = YES;
				SDKROOT = iphoneos;
				SWIFT_COMPILATION_MODE = wholemodule;
				SWIFT_OPTIMIZATION_LEVEL = "-O";
				VALIDATE_PRODUCT = YES;
			};
			name = Release;
		};
		93B96AFA290623490057742A /* Debug */ = {
			isa = XCBuildConfiguration;
			buildSettings = {
				ASSETCATALOG_COMPILER_APPICON_NAME = AppIcon;
				ASSETCATALOG_COMPILER_GLOBAL_ACCENT_COLOR_NAME = AccentColor;
				CODE_SIGN_STYLE = Automatic;
				CURRENT_PROJECT_VERSION = 1;
				DEVELOPMENT_TEAM = FQ63CT4A3G;
				GENERATE_INFOPLIST_FILE = YES;
				INFOPLIST_FILE = RXStart/Info.plist;
				INFOPLIST_KEY_UIApplicationSupportsIndirectInputEvents = YES;
				INFOPLIST_KEY_UILaunchStoryboardName = LaunchScreen;
				INFOPLIST_KEY_UIMainStoryboardFile = Main;
				INFOPLIST_KEY_UISupportedInterfaceOrientations_iPad = "UIInterfaceOrientationPortrait UIInterfaceOrientationPortraitUpsideDown UIInterfaceOrientationLandscapeLeft UIInterfaceOrientationLandscapeRight";
				INFOPLIST_KEY_UISupportedInterfaceOrientations_iPhone = "UIInterfaceOrientationPortrait UIInterfaceOrientationLandscapeLeft UIInterfaceOrientationLandscapeRight";
				LD_RUNPATH_SEARCH_PATHS = (
					"$(inherited)",
					"@executable_path/Frameworks",
				);
				MARKETING_VERSION = 1.0;
				PRODUCT_BUNDLE_IDENTIFIER = tekim.RXStart;
				PRODUCT_NAME = "$(TARGET_NAME)";
				SWIFT_EMIT_LOC_STRINGS = YES;
				SWIFT_VERSION = 5.0;
				TARGETED_DEVICE_FAMILY = "1,2";
			};
			name = Debug;
		};
		93B96AFB290623490057742A /* Release */ = {
			isa = XCBuildConfiguration;
			buildSettings = {
				ASSETCATALOG_COMPILER_APPICON_NAME = AppIcon;
				ASSETCATALOG_COMPILER_GLOBAL_ACCENT_COLOR_NAME = AccentColor;
				CODE_SIGN_STYLE = Automatic;
				CURRENT_PROJECT_VERSION = 1;
				DEVELOPMENT_TEAM = FQ63CT4A3G;
				GENERATE_INFOPLIST_FILE = YES;
				INFOPLIST_FILE = RXStart/Info.plist;
				INFOPLIST_KEY_UIApplicationSupportsIndirectInputEvents = YES;
				INFOPLIST_KEY_UILaunchStoryboardName = LaunchScreen;
				INFOPLIST_KEY_UIMainStoryboardFile = Main;
				INFOPLIST_KEY_UISupportedInterfaceOrientations_iPad = "UIInterfaceOrientationPortrait UIInterfaceOrientationPortraitUpsideDown UIInterfaceOrientationLandscapeLeft UIInterfaceOrientationLandscapeRight";
				INFOPLIST_KEY_UISupportedInterfaceOrientations_iPhone = "UIInterfaceOrientationPortrait UIInterfaceOrientationLandscapeLeft UIInterfaceOrientationLandscapeRight";
				LD_RUNPATH_SEARCH_PATHS = (
					"$(inherited)",
					"@executable_path/Frameworks",
				);
				MARKETING_VERSION = 1.0;
				PRODUCT_BUNDLE_IDENTIFIER = tekim.RXStart;
				PRODUCT_NAME = "$(TARGET_NAME)";
				SWIFT_EMIT_LOC_STRINGS = YES;
				SWIFT_VERSION = 5.0;
				TARGETED_DEVICE_FAMILY = "1,2";
			};
			name = Release;
		};
/* End XCBuildConfiguration section */

/* Begin XCConfigurationList section */
		93B96AE0290623480057742A /* Build configuration list for PBXProject "RXStart" */ = {
			isa = XCConfigurationList;
			buildConfigurations = (
				93B96AF7290623490057742A /* Debug */,
				93B96AF8290623490057742A /* Release */,
			);
			defaultConfigurationIsVisible = 0;
			defaultConfigurationName = Release;
		};
		93B96AF9290623490057742A /* Build configuration list for PBXNativeTarget "RXStart" */ = {
			isa = XCConfigurationList;
			buildConfigurations = (
				93B96AFA290623490057742A /* Debug */,
				93B96AFB290623490057742A /* Release */,
			);
			defaultConfigurationIsVisible = 0;
			defaultConfigurationName = Release;
		};
/* End XCConfigurationList section */

/* Begin XCRemoteSwiftPackageReference section */
		9375E45A290F76A500562D8B /* XCRemoteSwiftPackageReference "RxAlamofire" */ = {
			isa = XCRemoteSwiftPackageReference;
			repositoryURL = "https://github.com/RxSwiftCommunity/RxAlamofire.git";
			requirement = {
				kind = exactVersion;
				version = 6.1.2;
			};
		};
		9375E45D290F775600562D8B /* XCRemoteSwiftPackageReference "RxDataSources" */ = {
			isa = XCRemoteSwiftPackageReference;
			repositoryURL = "https://github.com/RxSwiftCommunity/RxDataSources.git";
			requirement = {
				kind = upToNextMajorVersion;
				minimumVersion = 5.0.0;
			};
		};
		9375E462290F77A400562D8B /* XCRemoteSwiftPackageReference "Kingfisher" */ = {
			isa = XCRemoteSwiftPackageReference;
			repositoryURL = "https://github.com/onevcat/Kingfisher.git";
			requirement = {
				kind = upToNextMajorVersion;
				minimumVersion = 7.0.0;
			};
		};
		93B96AFC2906235C0057742A /* XCRemoteSwiftPackageReference "RxSwift" */ = {
			isa = XCRemoteSwiftPackageReference;
			repositoryURL = "https://github.com/ReactiveX/RxSwift.git";
			requirement = {
				kind = upToNextMajorVersion;
				minimumVersion = 6.0.0;
			};
		};
/* End XCRemoteSwiftPackageReference section */

/* Begin XCSwiftPackageProductDependency section */
		9375E45B290F76A500562D8B /* RxAlamofire */ = {
			isa = XCSwiftPackageProductDependency;
			package = 9375E45A290F76A500562D8B /* XCRemoteSwiftPackageReference "RxAlamofire" */;
			productName = RxAlamofire;
		};
		9375E45E290F775600562D8B /* Differentiator */ = {
			isa = XCSwiftPackageProductDependency;
			package = 9375E45D290F775600562D8B /* XCRemoteSwiftPackageReference "RxDataSources" */;
			productName = Differentiator;
		};
		9375E460290F775600562D8B /* RxDataSources */ = {
			isa = XCSwiftPackageProductDependency;
			package = 9375E45D290F775600562D8B /* XCRemoteSwiftPackageReference "RxDataSources" */;
			productName = RxDataSources;
		};
		9375E463290F77A400562D8B /* Kingfisher */ = {
			isa = XCSwiftPackageProductDependency;
			package = 9375E462290F77A400562D8B /* XCRemoteSwiftPackageReference "Kingfisher" */;
			productName = Kingfisher;
		};
		93B96AFD2906235C0057742A /* RxCocoa */ = {
			isa = XCSwiftPackageProductDependency;
			package = 93B96AFC2906235C0057742A /* XCRemoteSwiftPackageReference "RxSwift" */;
			productName = RxCocoa;
		};
		93B96AFF2906235C0057742A /* RxSwift */ = {
			isa = XCSwiftPackageProductDependency;
			package = 93B96AFC2906235C0057742A /* XCRemoteSwiftPackageReference "RxSwift" */;
			productName = RxSwift;
		};
/* End XCSwiftPackageProductDependency section */
	};
	rootObject = 93B96ADD290623480057742A /* Project object */;
}
